// !$*UTF8*$!
{
	archiveVersion = 1;
	classes = {
	};
	objectVersion = 46;
	objects = {

/* Begin PBXBuildFile section */
		86A90391C14EC059A6A111A8 /* Pods_FlickrParty.framework in Frameworks */ = {isa = PBXBuildFile; fileRef = 1726BFD8A5D27E1374040223 /* Pods_FlickrParty.framework */; settings = {ATTRIBUTES = (Weak, ); }; };
		990A472D1AF81D5A00CC4E3E /* Photo.swift in Sources */ = {isa = PBXBuildFile; fileRef = 990A472C1AF81D5A00CC4E3E /* Photo.swift */; };
		990A47331AF8242100CC4E3E /* PhotoTests.swift in Sources */ = {isa = PBXBuildFile; fileRef = 990A47321AF8242100CC4E3E /* PhotoTests.swift */; };
		9960E0C61AF7C45400107687 /* AppDelegateTests.swift in Sources */ = {isa = PBXBuildFile; fileRef = 9960E0C51AF7C45400107687 /* AppDelegateTests.swift */; };
		9983C7FE1AF7BE77003AEEF9 /* AppDelegate.swift in Sources */ = {isa = PBXBuildFile; fileRef = 9983C7FD1AF7BE77003AEEF9 /* AppDelegate.swift */; };
		998BCE501B4FB54700EA638B /* MockLocationManager.swift in Sources */ = {isa = PBXBuildFile; fileRef = 998BCE4F1B4FB54700EA638B /* MockLocationManager.swift */; };
		998BCE521B4FB85900EA638B /* MockAPIClient.swift in Sources */ = {isa = PBXBuildFile; fileRef = 998BCE511B4FB85900EA638B /* MockAPIClient.swift */; };
		998BCE541B4FBBE200EA638B /* NearbyPartyPhotosDataSourceTests.swift in Sources */ = {isa = PBXBuildFile; fileRef = 998BCE531B4FBBE200EA638B /* NearbyPartyPhotosDataSourceTests.swift */; };
		99F12F311B4C405E00F682DD /* APIClient.swift in Sources */ = {isa = PBXBuildFile; fileRef = 99F12F2D1B4C405E00F682DD /* APIClient.swift */; };
		99F12F321B4C405E00F682DD /* FlickrAPIClient.swift in Sources */ = {isa = PBXBuildFile; fileRef = 99F12F2E1B4C405E00F682DD /* FlickrAPIClient.swift */; };
		99F12F331B4C405E00F682DD /* FlickrPhotoParser.swift in Sources */ = {isa = PBXBuildFile; fileRef = 99F12F2F1B4C405E00F682DD /* FlickrPhotoParser.swift */; };
		99F12F341B4C405E00F682DD /* PhotoParser.swift in Sources */ = {isa = PBXBuildFile; fileRef = 99F12F301B4C405E00F682DD /* PhotoParser.swift */; };
		99F12F3B1B4D30FC00F682DD /* FlickrAPIClientTests.swift in Sources */ = {isa = PBXBuildFile; fileRef = 99F12F361B4D30FC00F682DD /* FlickrAPIClientTests.swift */; };
		99F12F3C1B4D30FC00F682DD /* FlickrPhotoParserTests.swift in Sources */ = {isa = PBXBuildFile; fileRef = 99F12F371B4D30FC00F682DD /* FlickrPhotoParserTests.swift */; };
		99F12F3D1B4D30FC00F682DD /* FlickrSearchAPIErrorResponse.json in Resources */ = {isa = PBXBuildFile; fileRef = 99F12F391B4D30FC00F682DD /* FlickrSearchAPIErrorResponse.json */; };
		99F12F3E1B4D30FC00F682DD /* FlickrSearchAPIResponse.json in Resources */ = {isa = PBXBuildFile; fileRef = 99F12F3A1B4D30FC00F682DD /* FlickrSearchAPIResponse.json */; };
		99F12F491B4D3E7C00F682DD /* BaseCollectionViewController.swift in Sources */ = {isa = PBXBuildFile; fileRef = 99F12F421B4D3E7C00F682DD /* BaseCollectionViewController.swift */; };
		99F12F4A1B4D3E7C00F682DD /* CollectionBackgroundView.swift in Sources */ = {isa = PBXBuildFile; fileRef = 99F12F431B4D3E7C00F682DD /* CollectionBackgroundView.swift */; };
		99F12F561B4D3F9000F682DD /* BaseCollectionViewControllerTests.swift in Sources */ = {isa = PBXBuildFile; fileRef = 99F12F521B4D3F9000F682DD /* BaseCollectionViewControllerTests.swift */; };
		99F12F601B4D42AA00F682DD /* PartyPhotosDataSource.swift in Sources */ = {isa = PBXBuildFile; fileRef = 99F12F5C1B4D42AA00F682DD /* PartyPhotosDataSource.swift */; };
		99F12F611B4D42AA00F682DD /* PhotosDataSource.swift in Sources */ = {isa = PBXBuildFile; fileRef = 99F12F5D1B4D42AA00F682DD /* PhotosDataSource.swift */; };
		99F12F621B4D42AA00F682DD /* ViewDataSource.swift in Sources */ = {isa = PBXBuildFile; fileRef = 99F12F5E1B4D42AA00F682DD /* ViewDataSource.swift */; };
		99F12F631B4D42AA00F682DD /* PhotosViewController.swift in Sources */ = {isa = PBXBuildFile; fileRef = 99F12F5F1B4D42AA00F682DD /* PhotosViewController.swift */; };
		99F12F661B4D42ED00F682DD /* PhotoCollectionViewCell.swift in Sources */ = {isa = PBXBuildFile; fileRef = 99F12F641B4D42ED00F682DD /* PhotoCollectionViewCell.swift */; };
		99F12F671B4D42ED00F682DD /* PhotoDetailsViewController.swift in Sources */ = {isa = PBXBuildFile; fileRef = 99F12F651B4D42ED00F682DD /* PhotoDetailsViewController.swift */; };
		99F12F6C1B4D43C800F682DD /* LaunchScreen.xib in Resources */ = {isa = PBXBuildFile; fileRef = 99F12F691B4D43C800F682DD /* LaunchScreen.xib */; };
		99F12F6D1B4D43C800F682DD /* Images.xcassets in Resources */ = {isa = PBXBuildFile; fileRef = 99F12F6B1B4D43C800F682DD /* Images.xcassets */; };
		99F12F721B4D446300F682DD /* PartyPhotosDataSourceTests.swift in Sources */ = {isa = PBXBuildFile; fileRef = 99F12F6F1B4D446300F682DD /* PartyPhotosDataSourceTests.swift */; };
		99F12F731B4D446300F682DD /* ViewDataSourceTests.swift in Sources */ = {isa = PBXBuildFile; fileRef = 99F12F701B4D446300F682DD /* ViewDataSourceTests.swift */; };
		99F12F741B4D446300F682DD /* PhotosViewControllerTests.swift in Sources */ = {isa = PBXBuildFile; fileRef = 99F12F711B4D446300F682DD /* PhotosViewControllerTests.swift */; };
		99F12F761B4D54FE00F682DD /* NearbyPartyPhotosViewControllerTests.swift in Sources */ = {isa = PBXBuildFile; fileRef = 99F12F751B4D54FE00F682DD /* NearbyPartyPhotosViewControllerTests.swift */; };
		99F12F781B4D555600F682DD /* NearbyPartyPhotosViewController.swift in Sources */ = {isa = PBXBuildFile; fileRef = 99F12F771B4D555600F682DD /* NearbyPartyPhotosViewController.swift */; };
		99F12F7B1B4D643F00F682DD /* MockDataSource.swift in Sources */ = {isa = PBXBuildFile; fileRef = 99F12F7A1B4D643F00F682DD /* MockDataSource.swift */; };
		99F12F7D1B4D672E00F682DD /* NearbyPartyPhotosDataSource.swift in Sources */ = {isa = PBXBuildFile; fileRef = 99F12F7C1B4D672E00F682DD /* NearbyPartyPhotosDataSource.swift */; };
/* End PBXBuildFile section */

/* Begin PBXContainerItemProxy section */
		9983C8101AF7BE77003AEEF9 /* PBXContainerItemProxy */ = {
			isa = PBXContainerItemProxy;
			containerPortal = 9983C7F01AF7BE77003AEEF9 /* Project object */;
			proxyType = 1;
			remoteGlobalIDString = 9983C7F71AF7BE77003AEEF9;
			remoteInfo = FlickrParty;
		};
/* End PBXContainerItemProxy section */

/* Begin PBXFileReference section */
		1726BFD8A5D27E1374040223 /* Pods_FlickrParty.framework */ = {isa = PBXFileReference; explicitFileType = wrapper.framework; includeInIndex = 0; path = Pods_FlickrParty.framework; sourceTree = BUILT_PRODUCTS_DIR; };
		630FB5B95F75FF4C1D6FE4BC /* Pods-FlickrParty.release.xcconfig */ = {isa = PBXFileReference; includeInIndex = 1; lastKnownFileType = text.xcconfig; name = "Pods-FlickrParty.release.xcconfig"; path = "Pods/Target Support Files/Pods-FlickrParty/Pods-FlickrParty.release.xcconfig"; sourceTree = "<group>"; };
		990A472C1AF81D5A00CC4E3E /* Photo.swift */ = {isa = PBXFileReference; fileEncoding = 4; lastKnownFileType = sourcecode.swift; path = Photo.swift; sourceTree = "<group>"; };
		990A47321AF8242100CC4E3E /* PhotoTests.swift */ = {isa = PBXFileReference; fileEncoding = 4; lastKnownFileType = sourcecode.swift; path = PhotoTests.swift; sourceTree = "<group>"; };
		9960E0C41AF7C45400107687 /* FlickrPartyTests-Bridging-Header.h */ = {isa = PBXFileReference; lastKnownFileType = sourcecode.c.h; path = "FlickrPartyTests-Bridging-Header.h"; sourceTree = "<group>"; };
		9960E0C51AF7C45400107687 /* AppDelegateTests.swift */ = {isa = PBXFileReference; fileEncoding = 4; lastKnownFileType = sourcecode.swift; path = AppDelegateTests.swift; sourceTree = "<group>"; };
		9983C7F81AF7BE77003AEEF9 /* FlickrParty.app */ = {isa = PBXFileReference; explicitFileType = wrapper.application; includeInIndex = 0; path = FlickrParty.app; sourceTree = BUILT_PRODUCTS_DIR; };
		9983C7FC1AF7BE77003AEEF9 /* Info.plist */ = {isa = PBXFileReference; lastKnownFileType = text.plist.xml; path = Info.plist; sourceTree = "<group>"; };
		9983C7FD1AF7BE77003AEEF9 /* AppDelegate.swift */ = {isa = PBXFileReference; lastKnownFileType = sourcecode.swift; path = AppDelegate.swift; sourceTree = "<group>"; };
		9983C80F1AF7BE77003AEEF9 /* FlickrPartyTests.xctest */ = {isa = PBXFileReference; explicitFileType = wrapper.cfbundle; includeInIndex = 0; path = FlickrPartyTests.xctest; sourceTree = BUILT_PRODUCTS_DIR; };
		9983C8141AF7BE77003AEEF9 /* Info.plist */ = {isa = PBXFileReference; lastKnownFileType = text.plist.xml; path = Info.plist; sourceTree = "<group>"; };
		998BCE4F1B4FB54700EA638B /* MockLocationManager.swift */ = {isa = PBXFileReference; fileEncoding = 4; lastKnownFileType = sourcecode.swift; path = MockLocationManager.swift; sourceTree = "<group>"; };
		998BCE511B4FB85900EA638B /* MockAPIClient.swift */ = {isa = PBXFileReference; fileEncoding = 4; lastKnownFileType = sourcecode.swift; path = MockAPIClient.swift; sourceTree = "<group>"; };
		998BCE531B4FBBE200EA638B /* NearbyPartyPhotosDataSourceTests.swift */ = {isa = PBXFileReference; fileEncoding = 4; lastKnownFileType = sourcecode.swift; path = NearbyPartyPhotosDataSourceTests.swift; sourceTree = "<group>"; };
		99F12F2D1B4C405E00F682DD /* APIClient.swift */ = {isa = PBXFileReference; fileEncoding = 4; lastKnownFileType = sourcecode.swift; path = APIClient.swift; sourceTree = "<group>"; };
		99F12F2E1B4C405E00F682DD /* FlickrAPIClient.swift */ = {isa = PBXFileReference; fileEncoding = 4; lastKnownFileType = sourcecode.swift; path = FlickrAPIClient.swift; sourceTree = "<group>"; };
		99F12F2F1B4C405E00F682DD /* FlickrPhotoParser.swift */ = {isa = PBXFileReference; fileEncoding = 4; lastKnownFileType = sourcecode.swift; path = FlickrPhotoParser.swift; sourceTree = "<group>"; };
		99F12F301B4C405E00F682DD /* PhotoParser.swift */ = {isa = PBXFileReference; fileEncoding = 4; lastKnownFileType = sourcecode.swift; path = PhotoParser.swift; sourceTree = "<group>"; };
		99F12F361B4D30FC00F682DD /* FlickrAPIClientTests.swift */ = {isa = PBXFileReference; fileEncoding = 4; lastKnownFileType = sourcecode.swift; path = FlickrAPIClientTests.swift; sourceTree = "<group>"; };
		99F12F371B4D30FC00F682DD /* FlickrPhotoParserTests.swift */ = {isa = PBXFileReference; fileEncoding = 4; lastKnownFileType = sourcecode.swift; path = FlickrPhotoParserTests.swift; sourceTree = "<group>"; };
		99F12F391B4D30FC00F682DD /* FlickrSearchAPIErrorResponse.json */ = {isa = PBXFileReference; fileEncoding = 4; lastKnownFileType = text.json; path = FlickrSearchAPIErrorResponse.json; sourceTree = "<group>"; };
		99F12F3A1B4D30FC00F682DD /* FlickrSearchAPIResponse.json */ = {isa = PBXFileReference; fileEncoding = 4; lastKnownFileType = text.json; path = FlickrSearchAPIResponse.json; sourceTree = "<group>"; };
		99F12F421B4D3E7C00F682DD /* BaseCollectionViewController.swift */ = {isa = PBXFileReference; fileEncoding = 4; lastKnownFileType = sourcecode.swift; path = BaseCollectionViewController.swift; sourceTree = "<group>"; };
		99F12F431B4D3E7C00F682DD /* CollectionBackgroundView.swift */ = {isa = PBXFileReference; fileEncoding = 4; lastKnownFileType = sourcecode.swift; path = CollectionBackgroundView.swift; sourceTree = "<group>"; };
		99F12F521B4D3F9000F682DD /* BaseCollectionViewControllerTests.swift */ = {isa = PBXFileReference; fileEncoding = 4; lastKnownFileType = sourcecode.swift; path = BaseCollectionViewControllerTests.swift; sourceTree = "<group>"; };
		99F12F5C1B4D42AA00F682DD /* PartyPhotosDataSource.swift */ = {isa = PBXFileReference; fileEncoding = 4; lastKnownFileType = sourcecode.swift; path = PartyPhotosDataSource.swift; sourceTree = "<group>"; };
		99F12F5D1B4D42AA00F682DD /* PhotosDataSource.swift */ = {isa = PBXFileReference; fileEncoding = 4; lastKnownFileType = sourcecode.swift; path = PhotosDataSource.swift; sourceTree = "<group>"; };
		99F12F5E1B4D42AA00F682DD /* ViewDataSource.swift */ = {isa = PBXFileReference; fileEncoding = 4; lastKnownFileType = sourcecode.swift; path = ViewDataSource.swift; sourceTree = "<group>"; };
		99F12F5F1B4D42AA00F682DD /* PhotosViewController.swift */ = {isa = PBXFileReference; fileEncoding = 4; lastKnownFileType = sourcecode.swift; path = PhotosViewController.swift; sourceTree = "<group>"; };
		99F12F641B4D42ED00F682DD /* PhotoCollectionViewCell.swift */ = {isa = PBXFileReference; fileEncoding = 4; lastKnownFileType = sourcecode.swift; path = PhotoCollectionViewCell.swift; sourceTree = "<group>"; };
		99F12F651B4D42ED00F682DD /* PhotoDetailsViewController.swift */ = {isa = PBXFileReference; fileEncoding = 4; lastKnownFileType = sourcecode.swift; path = PhotoDetailsViewController.swift; sourceTree = "<group>"; };
		99F12F6A1B4D43C800F682DD /* Base */ = {isa = PBXFileReference; lastKnownFileType = file.xib; name = Base; path = Base.lproj/LaunchScreen.xib; sourceTree = "<group>"; };
		99F12F6B1B4D43C800F682DD /* Images.xcassets */ = {isa = PBXFileReference; lastKnownFileType = folder.assetcatalog; path = Images.xcassets; sourceTree = "<group>"; };
		99F12F6F1B4D446300F682DD /* PartyPhotosDataSourceTests.swift */ = {isa = PBXFileReference; fileEncoding = 4; lastKnownFileType = sourcecode.swift; path = PartyPhotosDataSourceTests.swift; sourceTree = "<group>"; };
		99F12F701B4D446300F682DD /* ViewDataSourceTests.swift */ = {isa = PBXFileReference; fileEncoding = 4; lastKnownFileType = sourcecode.swift; path = ViewDataSourceTests.swift; sourceTree = "<group>"; };
		99F12F711B4D446300F682DD /* PhotosViewControllerTests.swift */ = {isa = PBXFileReference; fileEncoding = 4; lastKnownFileType = sourcecode.swift; path = PhotosViewControllerTests.swift; sourceTree = "<group>"; };
		99F12F751B4D54FE00F682DD /* NearbyPartyPhotosViewControllerTests.swift */ = {isa = PBXFileReference; fileEncoding = 4; lastKnownFileType = sourcecode.swift; path = NearbyPartyPhotosViewControllerTests.swift; sourceTree = "<group>"; };
		99F12F771B4D555600F682DD /* NearbyPartyPhotosViewController.swift */ = {isa = PBXFileReference; fileEncoding = 4; lastKnownFileType = sourcecode.swift; path = NearbyPartyPhotosViewController.swift; sourceTree = "<group>"; };
		99F12F7A1B4D643F00F682DD /* MockDataSource.swift */ = {isa = PBXFileReference; fileEncoding = 4; lastKnownFileType = sourcecode.swift; path = MockDataSource.swift; sourceTree = "<group>"; };
		99F12F7C1B4D672E00F682DD /* NearbyPartyPhotosDataSource.swift */ = {isa = PBXFileReference; fileEncoding = 4; lastKnownFileType = sourcecode.swift; path = NearbyPartyPhotosDataSource.swift; sourceTree = "<group>"; };
		D7CE6F5BC500305BB5D498A7 /* Pods-FlickrParty.debug.xcconfig */ = {isa = PBXFileReference; includeInIndex = 1; lastKnownFileType = text.xcconfig; name = "Pods-FlickrParty.debug.xcconfig"; path = "Pods/Target Support Files/Pods-FlickrParty/Pods-FlickrParty.debug.xcconfig"; sourceTree = "<group>"; };
/* End PBXFileReference section */

/* Begin PBXFrameworksBuildPhase section */
		9983C7F51AF7BE77003AEEF9 /* Frameworks */ = {
			isa = PBXFrameworksBuildPhase;
			buildActionMask = 2147483647;
			files = (
				86A90391C14EC059A6A111A8 /* Pods_FlickrParty.framework in Frameworks */,
			);
			runOnlyForDeploymentPostprocessing = 0;
		};
		9983C80C1AF7BE77003AEEF9 /* Frameworks */ = {
			isa = PBXFrameworksBuildPhase;
			buildActionMask = 2147483647;
			files = (
			);
			runOnlyForDeploymentPostprocessing = 0;
		};
/* End PBXFrameworksBuildPhase section */

/* Begin PBXGroup section */
		2E8FAF43300584A2767FC145 /* Pods */ = {
			isa = PBXGroup;
			children = (
				D7CE6F5BC500305BB5D498A7 /* Pods-FlickrParty.debug.xcconfig */,
				630FB5B95F75FF4C1D6FE4BC /* Pods-FlickrParty.release.xcconfig */,
			);
			name = Pods;
			sourceTree = "<group>";
		};
		520B2C5FC8F597DEC71AD379 /* Frameworks */ = {
			isa = PBXGroup;
			children = (
				1726BFD8A5D27E1374040223 /* Pods_FlickrParty.framework */,
			);
			name = Frameworks;
			sourceTree = "<group>";
		};
		9983C7EF1AF7BE77003AEEF9 = {
			isa = PBXGroup;
			children = (
				9983C7FA1AF7BE77003AEEF9 /* FlickrParty */,
				9983C8121AF7BE77003AEEF9 /* FlickrPartyTests */,
				9983C7F91AF7BE77003AEEF9 /* Products */,
				2E8FAF43300584A2767FC145 /* Pods */,
				520B2C5FC8F597DEC71AD379 /* Frameworks */,
			);
			sourceTree = "<group>";
		};
		9983C7F91AF7BE77003AEEF9 /* Products */ = {
			isa = PBXGroup;
			children = (
				9983C7F81AF7BE77003AEEF9 /* FlickrParty.app */,
				9983C80F1AF7BE77003AEEF9 /* FlickrPartyTests.xctest */,
			);
			name = Products;
			sourceTree = "<group>";
		};
		9983C7FA1AF7BE77003AEEF9 /* FlickrParty */ = {
			isa = PBXGroup;
			children = (
				9983C7FD1AF7BE77003AEEF9 /* AppDelegate.swift */,
				99F12F771B4D555600F682DD /* NearbyPartyPhotosViewController.swift */,
				990A472C1AF81D5A00CC4E3E /* Photo.swift */,
				99F12F641B4D42ED00F682DD /* PhotoCollectionViewCell.swift */,
				99F12F651B4D42ED00F682DD /* PhotoDetailsViewController.swift */,
				99F12F5F1B4D42AA00F682DD /* PhotosViewController.swift */,
				99F12F5B1B4D42AA00F682DD /* DataSources */,
				99F12F2C1B4C405E00F682DD /* Networking */,
				99F12F681B4D43C800F682DD /* Resouces */,
				99F12F411B4D3E7C00F682DD /* ReusableClasses */,
				9983C7FB1AF7BE77003AEEF9 /* Supporting Files */,
			);
			path = FlickrParty;
			sourceTree = "<group>";
		};
		9983C7FB1AF7BE77003AEEF9 /* Supporting Files */ = {
			isa = PBXGroup;
			children = (
				9983C7FC1AF7BE77003AEEF9 /* Info.plist */,
			);
			name = "Supporting Files";
			sourceTree = "<group>";
		};
		9983C8121AF7BE77003AEEF9 /* FlickrPartyTests */ = {
			isa = PBXGroup;
			children = (
				9960E0C41AF7C45400107687 /* FlickrPartyTests-Bridging-Header.h */,
				9960E0C51AF7C45400107687 /* AppDelegateTests.swift */,
				99F12F751B4D54FE00F682DD /* NearbyPartyPhotosViewControllerTests.swift */,
				99F12F711B4D446300F682DD /* PhotosViewControllerTests.swift */,
				990A47321AF8242100CC4E3E /* PhotoTests.swift */,
				99F12F6E1B4D446300F682DD /* DataSources */,
				99F12F791B4D640B00F682DD /* MocksAndStubs */,
				99F12F351B4D30FC00F682DD /* Networking */,
				99F12F511B4D3F9000F682DD /* ReusableClasses */,
				9983C8131AF7BE77003AEEF9 /* Supporting Files */,
				99F12F381B4D30FC00F682DD /* Tests Supporting Files */,
			);
			path = FlickrPartyTests;
			sourceTree = "<group>";
		};
		9983C8131AF7BE77003AEEF9 /* Supporting Files */ = {
			isa = PBXGroup;
			children = (
				9983C8141AF7BE77003AEEF9 /* Info.plist */,
			);
			name = "Supporting Files";
			sourceTree = "<group>";
		};
		99F12F2C1B4C405E00F682DD /* Networking */ = {
			isa = PBXGroup;
			children = (
				99F12F2D1B4C405E00F682DD /* APIClient.swift */,
				99F12F2E1B4C405E00F682DD /* FlickrAPIClient.swift */,
				99F12F2F1B4C405E00F682DD /* FlickrPhotoParser.swift */,
				99F12F301B4C405E00F682DD /* PhotoParser.swift */,
			);
			path = Networking;
			sourceTree = "<group>";
		};
		99F12F351B4D30FC00F682DD /* Networking */ = {
			isa = PBXGroup;
			children = (
				99F12F361B4D30FC00F682DD /* FlickrAPIClientTests.swift */,
				99F12F371B4D30FC00F682DD /* FlickrPhotoParserTests.swift */,
			);
			path = Networking;
			sourceTree = "<group>";
		};
		99F12F381B4D30FC00F682DD /* Tests Supporting Files */ = {
			isa = PBXGroup;
			children = (
				99F12F391B4D30FC00F682DD /* FlickrSearchAPIErrorResponse.json */,
				99F12F3A1B4D30FC00F682DD /* FlickrSearchAPIResponse.json */,
			);
			path = "Tests Supporting Files";
			sourceTree = "<group>";
		};
		99F12F411B4D3E7C00F682DD /* ReusableClasses */ = {
			isa = PBXGroup;
			children = (
				99F12F421B4D3E7C00F682DD /* BaseCollectionViewController.swift */,
				99F12F431B4D3E7C00F682DD /* CollectionBackgroundView.swift */,
			);
			path = ReusableClasses;
			sourceTree = "<group>";
		};
		99F12F511B4D3F9000F682DD /* ReusableClasses */ = {
			isa = PBXGroup;
			children = (
				99F12F521B4D3F9000F682DD /* BaseCollectionViewControllerTests.swift */,
			);
			path = ReusableClasses;
			sourceTree = "<group>";
		};
		99F12F5B1B4D42AA00F682DD /* DataSources */ = {
			isa = PBXGroup;
			children = (
				99F12F7C1B4D672E00F682DD /* NearbyPartyPhotosDataSource.swift */,
				99F12F5C1B4D42AA00F682DD /* PartyPhotosDataSource.swift */,
				99F12F5D1B4D42AA00F682DD /* PhotosDataSource.swift */,
				99F12F5E1B4D42AA00F682DD /* ViewDataSource.swift */,
			);
			path = DataSources;
			sourceTree = "<group>";
		};
		99F12F681B4D43C800F682DD /* Resouces */ = {
			isa = PBXGroup;
			children = (
				99F12F691B4D43C800F682DD /* LaunchScreen.xib */,
				99F12F6B1B4D43C800F682DD /* Images.xcassets */,
			);
			path = Resouces;
			sourceTree = "<group>";
		};
		99F12F6E1B4D446300F682DD /* DataSources */ = {
			isa = PBXGroup;
			children = (
				998BCE531B4FBBE200EA638B /* NearbyPartyPhotosDataSourceTests.swift */,
				99F12F6F1B4D446300F682DD /* PartyPhotosDataSourceTests.swift */,
				99F12F701B4D446300F682DD /* ViewDataSourceTests.swift */,
			);
			path = DataSources;
			sourceTree = "<group>";
		};
		99F12F791B4D640B00F682DD /* MocksAndStubs */ = {
			isa = PBXGroup;
			children = (
				998BCE511B4FB85900EA638B /* MockAPIClient.swift */,
				99F12F7A1B4D643F00F682DD /* MockDataSource.swift */,
				998BCE4F1B4FB54700EA638B /* MockLocationManager.swift */,
			);
			path = MocksAndStubs;
			sourceTree = "<group>";
		};
/* End PBXGroup section */

/* Begin PBXNativeTarget section */
		9983C7F71AF7BE77003AEEF9 /* FlickrParty */ = {
			isa = PBXNativeTarget;
			buildConfigurationList = 9983C8191AF7BE77003AEEF9 /* Build configuration list for PBXNativeTarget "FlickrParty" */;
			buildPhases = (
				DBB8730F505AD5F3E3D60BA9 /* Check Pods Manifest.lock */,
				9983C7F41AF7BE77003AEEF9 /* Sources */,
				9983C7F51AF7BE77003AEEF9 /* Frameworks */,
				9983C7F61AF7BE77003AEEF9 /* Resources */,
				4B9BBA940E3A1E88B4FAED3B /* Embed Pods Frameworks */,
				A4711FF8C496701E35CEA40B /* Copy Pods Resources */,
			);
			buildRules = (
			);
			dependencies = (
			);
			name = FlickrParty;
			productName = FlickrParty;
			productReference = 9983C7F81AF7BE77003AEEF9 /* FlickrParty.app */;
			productType = "com.apple.product-type.application";
		};
		9983C80E1AF7BE77003AEEF9 /* FlickrPartyTests */ = {
			isa = PBXNativeTarget;
			buildConfigurationList = 9983C81C1AF7BE77003AEEF9 /* Build configuration list for PBXNativeTarget "FlickrPartyTests" */;
			buildPhases = (
				9983C80B1AF7BE77003AEEF9 /* Sources */,
				9983C80C1AF7BE77003AEEF9 /* Frameworks */,
				9983C80D1AF7BE77003AEEF9 /* Resources */,
			);
			buildRules = (
			);
			dependencies = (
				9983C8111AF7BE77003AEEF9 /* PBXTargetDependency */,
			);
			name = FlickrPartyTests;
			productName = FlickrPartyTests;
			productReference = 9983C80F1AF7BE77003AEEF9 /* FlickrPartyTests.xctest */;
			productType = "com.apple.product-type.bundle.unit-test";
		};
/* End PBXNativeTarget section */

/* Begin PBXProject section */
		9983C7F01AF7BE77003AEEF9 /* Project object */ = {
			isa = PBXProject;
			attributes = {
				LastSwiftUpdateCheck = 0700;
				LastUpgradeCheck = 0630;
				ORGANIZATIONNAME = "Gianluca Tranchedone";
				TargetAttributes = {
					9983C7F71AF7BE77003AEEF9 = {
						CreatedOnToolsVersion = 6.3.1;
					};
					9983C80E1AF7BE77003AEEF9 = {
						CreatedOnToolsVersion = 6.3.1;
						TestTargetID = 9983C7F71AF7BE77003AEEF9;
					};
				};
			};
			buildConfigurationList = 9983C7F31AF7BE77003AEEF9 /* Build configuration list for PBXProject "FlickrParty" */;
			compatibilityVersion = "Xcode 3.2";
			developmentRegion = English;
			hasScannedForEncodings = 0;
			knownRegions = (
				en,
				Base,
			);
			mainGroup = 9983C7EF1AF7BE77003AEEF9;
			productRefGroup = 9983C7F91AF7BE77003AEEF9 /* Products */;
			projectDirPath = "";
			projectRoot = "";
			targets = (
				9983C7F71AF7BE77003AEEF9 /* FlickrParty */,
				9983C80E1AF7BE77003AEEF9 /* FlickrPartyTests */,
			);
		};
/* End PBXProject section */

/* Begin PBXResourcesBuildPhase section */
		9983C7F61AF7BE77003AEEF9 /* Resources */ = {
			isa = PBXResourcesBuildPhase;
			buildActionMask = 2147483647;
			files = (
				99F12F6C1B4D43C800F682DD /* LaunchScreen.xib in Resources */,
				99F12F6D1B4D43C800F682DD /* Images.xcassets in Resources */,
			);
			runOnlyForDeploymentPostprocessing = 0;
		};
		9983C80D1AF7BE77003AEEF9 /* Resources */ = {
			isa = PBXResourcesBuildPhase;
			buildActionMask = 2147483647;
			files = (
				99F12F3E1B4D30FC00F682DD /* FlickrSearchAPIResponse.json in Resources */,
				99F12F3D1B4D30FC00F682DD /* FlickrSearchAPIErrorResponse.json in Resources */,
			);
			runOnlyForDeploymentPostprocessing = 0;
		};
/* End PBXResourcesBuildPhase section */

/* Begin PBXShellScriptBuildPhase section */
		4B9BBA940E3A1E88B4FAED3B /* Embed Pods Frameworks */ = {
			isa = PBXShellScriptBuildPhase;
			buildActionMask = 2147483647;
			files = (
			);
			inputPaths = (
			);
			name = "Embed Pods Frameworks";
			outputPaths = (
			);
			runOnlyForDeploymentPostprocessing = 0;
			shellPath = /bin/sh;
			shellScript = "\"${SRCROOT}/Pods/Target Support Files/Pods-FlickrParty/Pods-FlickrParty-frameworks.sh\"\n";
			showEnvVarsInLog = 0;
		};
		A4711FF8C496701E35CEA40B /* Copy Pods Resources */ = {
			isa = PBXShellScriptBuildPhase;
			buildActionMask = 2147483647;
			files = (
			);
			inputPaths = (
			);
			name = "Copy Pods Resources";
			outputPaths = (
			);
			runOnlyForDeploymentPostprocessing = 0;
			shellPath = /bin/sh;
			shellScript = "\"${SRCROOT}/Pods/Target Support Files/Pods-FlickrParty/Pods-FlickrParty-resources.sh\"\n";
			showEnvVarsInLog = 0;
		};
		DBB8730F505AD5F3E3D60BA9 /* Check Pods Manifest.lock */ = {
			isa = PBXShellScriptBuildPhase;
			buildActionMask = 2147483647;
			files = (
			);
			inputPaths = (
			);
			name = "Check Pods Manifest.lock";
			outputPaths = (
			);
			runOnlyForDeploymentPostprocessing = 0;
			shellPath = /bin/sh;
			shellScript = "diff \"${PODS_ROOT}/../Podfile.lock\" \"${PODS_ROOT}/Manifest.lock\" > /dev/null\nif [[ $? != 0 ]] ; then\n    cat << EOM\nerror: The sandbox is not in sync with the Podfile.lock. Run 'pod install' or update your CocoaPods installation.\nEOM\n    exit 1\nfi\n";
			showEnvVarsInLog = 0;
		};
/* End PBXShellScriptBuildPhase section */

/* Begin PBXSourcesBuildPhase section */
		9983C7F41AF7BE77003AEEF9 /* Sources */ = {
			isa = PBXSourcesBuildPhase;
			buildActionMask = 2147483647;
			files = (
				99F12F671B4D42ED00F682DD /* PhotoDetailsViewController.swift in Sources */,
				99F12F601B4D42AA00F682DD /* PartyPhotosDataSource.swift in Sources */,
				99F12F661B4D42ED00F682DD /* PhotoCollectionViewCell.swift in Sources */,
				99F12F631B4D42AA00F682DD /* PhotosViewController.swift in Sources */,
				99F12F611B4D42AA00F682DD /* PhotosDataSource.swift in Sources */,
				99F12F321B4C405E00F682DD /* FlickrAPIClient.swift in Sources */,
				99F12F311B4C405E00F682DD /* APIClient.swift in Sources */,
				99F12F4A1B4D3E7C00F682DD /* CollectionBackgroundView.swift in Sources */,
				990A472D1AF81D5A00CC4E3E /* Photo.swift in Sources */,
				99F12F781B4D555600F682DD /* NearbyPartyPhotosViewController.swift in Sources */,
				99F12F331B4C405E00F682DD /* FlickrPhotoParser.swift in Sources */,
				99F12F621B4D42AA00F682DD /* ViewDataSource.swift in Sources */,
				9983C7FE1AF7BE77003AEEF9 /* AppDelegate.swift in Sources */,
				99F12F341B4C405E00F682DD /* PhotoParser.swift in Sources */,
				99F12F491B4D3E7C00F682DD /* BaseCollectionViewController.swift in Sources */,
				99F12F7D1B4D672E00F682DD /* NearbyPartyPhotosDataSource.swift in Sources */,
			);
			runOnlyForDeploymentPostprocessing = 0;
		};
		9983C80B1AF7BE77003AEEF9 /* Sources */ = {
			isa = PBXSourcesBuildPhase;
			buildActionMask = 2147483647;
			files = (
				99F12F3B1B4D30FC00F682DD /* FlickrAPIClientTests.swift in Sources */,
				99F12F761B4D54FE00F682DD /* NearbyPartyPhotosViewControllerTests.swift in Sources */,
				99F12F741B4D446300F682DD /* PhotosViewControllerTests.swift in Sources */,
				990A47331AF8242100CC4E3E /* PhotoTests.swift in Sources */,
				99F12F3C1B4D30FC00F682DD /* FlickrPhotoParserTests.swift in Sources */,
				998BCE521B4FB85900EA638B /* MockAPIClient.swift in Sources */,
				9960E0C61AF7C45400107687 /* AppDelegateTests.swift in Sources */,
				998BCE541B4FBBE200EA638B /* NearbyPartyPhotosDataSourceTests.swift in Sources */,
				99F12F7B1B4D643F00F682DD /* MockDataSource.swift in Sources */,
				99F12F561B4D3F9000F682DD /* BaseCollectionViewControllerTests.swift in Sources */,
				99F12F731B4D446300F682DD /* ViewDataSourceTests.swift in Sources */,
				998BCE501B4FB54700EA638B /* MockLocationManager.swift in Sources */,
				99F12F721B4D446300F682DD /* PartyPhotosDataSourceTests.swift in Sources */,
			);
			runOnlyForDeploymentPostprocessing = 0;
		};
/* End PBXSourcesBuildPhase section */

/* Begin PBXTargetDependency section */
		9983C8111AF7BE77003AEEF9 /* PBXTargetDependency */ = {
			isa = PBXTargetDependency;
			target = 9983C7F71AF7BE77003AEEF9 /* FlickrParty */;
			targetProxy = 9983C8101AF7BE77003AEEF9 /* PBXContainerItemProxy */;
		};
/* End PBXTargetDependency section */

/* Begin PBXVariantGroup section */
		99F12F691B4D43C800F682DD /* LaunchScreen.xib */ = {
			isa = PBXVariantGroup;
			children = (
				99F12F6A1B4D43C800F682DD /* Base */,
			);
			name = LaunchScreen.xib;
			sourceTree = "<group>";
		};
/* End PBXVariantGroup section */

/* Begin XCBuildConfiguration section */
		9983C8171AF7BE77003AEEF9 /* Debug */ = {
			isa = XCBuildConfiguration;
			buildSettings = {
				ALWAYS_SEARCH_USER_PATHS = NO;
				CLANG_CXX_LANGUAGE_STANDARD = "gnu++0x";
				CLANG_CXX_LIBRARY = "libc++";
				CLANG_ENABLE_MODULES = YES;
				CLANG_ENABLE_OBJC_ARC = YES;
				CLANG_WARN_BOOL_CONVERSION = YES;
				CLANG_WARN_CONSTANT_CONVERSION = YES;
				CLANG_WARN_DIRECT_OBJC_ISA_USAGE = YES_ERROR;
				CLANG_WARN_EMPTY_BODY = YES;
				CLANG_WARN_ENUM_CONVERSION = YES;
				CLANG_WARN_INT_CONVERSION = YES;
				CLANG_WARN_OBJC_ROOT_CLASS = YES_ERROR;
				CLANG_WARN_UNREACHABLE_CODE = YES;
				CLANG_WARN__DUPLICATE_METHOD_MATCH = YES;
				"CODE_SIGN_IDENTITY[sdk=iphoneos*]" = "iPhone Developer";
				COPY_PHASE_STRIP = NO;
				DEBUG_INFORMATION_FORMAT = "dwarf-with-dsym";
				ENABLE_STRICT_OBJC_MSGSEND = YES;
				GCC_C_LANGUAGE_STANDARD = gnu99;
				GCC_DYNAMIC_NO_PIC = NO;
				GCC_GENERATE_TEST_COVERAGE_FILES = YES;
				GCC_INSTRUMENT_PROGRAM_FLOW_ARCS = YES;
				GCC_NO_COMMON_BLOCKS = YES;
				GCC_OPTIMIZATION_LEVEL = 0;
				GCC_PREPROCESSOR_DEFINITIONS = (
					"DEBUG=1",
					"$(inherited)",
				);
				GCC_SYMBOLS_PRIVATE_EXTERN = NO;
				GCC_WARN_64_TO_32_BIT_CONVERSION = YES;
				GCC_WARN_ABOUT_RETURN_TYPE = YES_ERROR;
				GCC_WARN_UNDECLARED_SELECTOR = YES;
				GCC_WARN_UNINITIALIZED_AUTOS = YES_AGGRESSIVE;
				GCC_WARN_UNUSED_FUNCTION = YES;
				GCC_WARN_UNUSED_VARIABLE = YES;
				IPHONEOS_DEPLOYMENT_TARGET = 8.3;
				MTL_ENABLE_DEBUG_INFO = YES;
				ONLY_ACTIVE_ARCH = YES;
				SDKROOT = iphoneos;
				SWIFT_OPTIMIZATION_LEVEL = "-Onone";
			};
			name = Debug;
		};
		9983C8181AF7BE77003AEEF9 /* Release */ = {
			isa = XCBuildConfiguration;
			buildSettings = {
				ALWAYS_SEARCH_USER_PATHS = NO;
				CLANG_CXX_LANGUAGE_STANDARD = "gnu++0x";
				CLANG_CXX_LIBRARY = "libc++";
				CLANG_ENABLE_MODULES = YES;
				CLANG_ENABLE_OBJC_ARC = YES;
				CLANG_WARN_BOOL_CONVERSION = YES;
				CLANG_WARN_CONSTANT_CONVERSION = YES;
				CLANG_WARN_DIRECT_OBJC_ISA_USAGE = YES_ERROR;
				CLANG_WARN_EMPTY_BODY = YES;
				CLANG_WARN_ENUM_CONVERSION = YES;
				CLANG_WARN_INT_CONVERSION = YES;
				CLANG_WARN_OBJC_ROOT_CLASS = YES_ERROR;
				CLANG_WARN_UNREACHABLE_CODE = YES;
				CLANG_WARN__DUPLICATE_METHOD_MATCH = YES;
				"CODE_SIGN_IDENTITY[sdk=iphoneos*]" = "iPhone Developer";
				COPY_PHASE_STRIP = NO;
				DEBUG_INFORMATION_FORMAT = "dwarf-with-dsym";
				ENABLE_NS_ASSERTIONS = NO;
				ENABLE_STRICT_OBJC_MSGSEND = YES;
				GCC_C_LANGUAGE_STANDARD = gnu99;
				GCC_GENERATE_TEST_COVERAGE_FILES = YES;
				GCC_INSTRUMENT_PROGRAM_FLOW_ARCS = YES;
				GCC_NO_COMMON_BLOCKS = YES;
				GCC_WARN_64_TO_32_BIT_CONVERSION = YES;
				GCC_WARN_ABOUT_RETURN_TYPE = YES_ERROR;
				GCC_WARN_UNDECLARED_SELECTOR = YES;
				GCC_WARN_UNINITIALIZED_AUTOS = YES_AGGRESSIVE;
				GCC_WARN_UNUSED_FUNCTION = YES;
				GCC_WARN_UNUSED_VARIABLE = YES;
				IPHONEOS_DEPLOYMENT_TARGET = 8.3;
				MTL_ENABLE_DEBUG_INFO = NO;
				SDKROOT = iphoneos;
				VALIDATE_PRODUCT = YES;
			};
			name = Release;
		};
		9983C81A1AF7BE77003AEEF9 /* Debug */ = {
			isa = XCBuildConfiguration;
			baseConfigurationReference = D7CE6F5BC500305BB5D498A7 /* Pods-FlickrParty.debug.xcconfig */;
			buildSettings = {
				ASSETCATALOG_COMPILER_APPICON_NAME = AppIcon;
				INFOPLIST_FILE = FlickrParty/Info.plist;
				IPHONEOS_DEPLOYMENT_TARGET = 8.0;
				LD_RUNPATH_SEARCH_PATHS = "$(inherited) @executable_path/Frameworks";
				PRODUCT_NAME = "$(TARGET_NAME)";
			};
			name = Debug;
		};
		9983C81B1AF7BE77003AEEF9 /* Release */ = {
			isa = XCBuildConfiguration;
			baseConfigurationReference = 630FB5B95F75FF4C1D6FE4BC /* Pods-FlickrParty.release.xcconfig */;
			buildSettings = {
				ASSETCATALOG_COMPILER_APPICON_NAME = AppIcon;
				INFOPLIST_FILE = FlickrParty/Info.plist;
				IPHONEOS_DEPLOYMENT_TARGET = 8.0;
				LD_RUNPATH_SEARCH_PATHS = "$(inherited) @executable_path/Frameworks";
				PRODUCT_NAME = "$(TARGET_NAME)";
			};
			name = Release;
		};
		9983C81D1AF7BE77003AEEF9 /* Debug */ = {
			isa = XCBuildConfiguration;
			buildSettings = {
				BUNDLE_LOADER = "$(TEST_HOST)";
				CLANG_ENABLE_MODULES = YES;
				FRAMEWORK_SEARCH_PATHS = (
					"$(SDKROOT)/Developer/Library/Frameworks",
					"$(inherited)",
				);
				GCC_PREPROCESSOR_DEFINITIONS = (
					"DEBUG=1",
					"$(inherited)",
				);
				INFOPLIST_FILE = FlickrPartyTests/Info.plist;
				LD_RUNPATH_SEARCH_PATHS = "$(inherited) @executable_path/Frameworks @loader_path/Frameworks";
				PRODUCT_NAME = "$(TARGET_NAME)";
				SWIFT_OBJC_BRIDGING_HEADER = "FlickrPartyTests/FlickrPartyTests-Bridging-Header.h";
				SWIFT_OPTIMIZATION_LEVEL = "-Onone";
				TEST_HOST = "$(BUILT_PRODUCTS_DIR)/FlickrParty.app/FlickrParty";
			};
			name = Debug;
		};
		9983C81E1AF7BE77003AEEF9 /* Release */ = {
			isa = XCBuildConfiguration;
			buildSettings = {
				BUNDLE_LOADER = "$(TEST_HOST)";
				CLANG_ENABLE_MODULES = YES;
				FRAMEWORK_SEARCH_PATHS = (
					"$(SDKROOT)/Developer/Library/Frameworks",
					"$(inherited)",
				);
				INFOPLIST_FILE = FlickrPartyTests/Info.plist;
				LD_RUNPATH_SEARCH_PATHS = "$(inherited) @executable_path/Frameworks @loader_path/Frameworks";
				PRODUCT_NAME = "$(TARGET_NAME)";
				SWIFT_OBJC_BRIDGING_HEADER = "FlickrPartyTests/FlickrPartyTests-Bridging-Header.h";
				TEST_HOST = "$(BUILT_PRODUCTS_DIR)/FlickrParty.app/FlickrParty";
			};
			name = Release;
		};
/* End XCBuildConfiguration section */

/* Begin XCConfigurationList section */
		9983C7F31AF7BE77003AEEF9 /* Build configuration list for PBXProject "FlickrParty" */ = {
			isa = XCConfigurationList;
			buildConfigurations = (
				9983C8171AF7BE77003AEEF9 /* Debug */,
				9983C8181AF7BE77003AEEF9 /* Release */,
			);
			defaultConfigurationIsVisible = 0;
			defaultConfigurationName = Release;
		};
		9983C8191AF7BE77003AEEF9 /* Build configuration list for PBXNativeTarget "FlickrParty" */ = {
			isa = XCConfigurationList;
			buildConfigurations = (
				9983C81A1AF7BE77003AEEF9 /* Debug */,
				9983C81B1AF7BE77003AEEF9 /* Release */,
			);
			defaultConfigurationIsVisible = 0;
			defaultConfigurationName = Release;
		};
		9983C81C1AF7BE77003AEEF9 /* Build configuration list for PBXNativeTarget "FlickrPartyTests" */ = {
			isa = XCConfigurationList;
			buildConfigurations = (
				9983C81D1AF7BE77003AEEF9 /* Debug */,
				9983C81E1AF7BE77003AEEF9 /* Release */,
			);
			defaultConfigurationIsVisible = 0;
			defaultConfigurationName = Release;
		};
/* End XCConfigurationList section */
	};
	rootObject = 9983C7F01AF7BE77003AEEF9 /* Project object */;
}
