// !$*UTF8*$!
{
	archiveVersion = 1;
	classes = {
	};
	objectVersion = 46;
	objects = {

/* Begin PBXBuildFile section */
		86A90391C14EC059A6A111A8 /* Pods_FlickrParty.framework in Frameworks */ = {isa = PBXBuildFile; fileRef = 1726BFD8A5D27E1374040223 /* Pods_FlickrParty.framework */; settings = {ATTRIBUTES = (Weak, ); }; };
		990A47191AF7D8DA00CC4E3E /* BaseCollectionViewController.swift in Sources */ = {isa = PBXBuildFile; fileRef = 990A47181AF7D8DA00CC4E3E /* BaseCollectionViewController.swift */; };
		990A471B1AF7DB3900CC4E3E /* FlickrAPIClient.swift in Sources */ = {isa = PBXBuildFile; fileRef = 990A471A1AF7DB3900CC4E3E /* FlickrAPIClient.swift */; };
		990A471D1AF7DBA000CC4E3E /* FlickrAPIClientTests.swift in Sources */ = {isa = PBXBuildFile; fileRef = 990A471C1AF7DBA000CC4E3E /* FlickrAPIClientTests.swift */; };
		990A471F1AF7DBBE00CC4E3E /* BaseCollectionViewControllerTests.swift in Sources */ = {isa = PBXBuildFile; fileRef = 990A471E1AF7DBBE00CC4E3E /* BaseCollectionViewControllerTests.swift */; };
		990A47211AF7DDF800CC4E3E /* ViewDataSource.swift in Sources */ = {isa = PBXBuildFile; fileRef = 990A47201AF7DDF800CC4E3E /* ViewDataSource.swift */; };
		990A47231AF7DF0E00CC4E3E /* ViewDataSourceTests.swift in Sources */ = {isa = PBXBuildFile; fileRef = 990A47221AF7DF0E00CC4E3E /* ViewDataSourceTests.swift */; };
		990A47251AF7F2D100CC4E3E /* APIClient.swift in Sources */ = {isa = PBXBuildFile; fileRef = 990A47241AF7F2D100CC4E3E /* APIClient.swift */; };
		990A47271AF7F8DA00CC4E3E /* PhotosDataSource.swift in Sources */ = {isa = PBXBuildFile; fileRef = 990A47261AF7F8DA00CC4E3E /* PhotosDataSource.swift */; };
		990A47291AF7F8F800CC4E3E /* PhotosDataSourceTests.swift in Sources */ = {isa = PBXBuildFile; fileRef = 990A47281AF7F8F800CC4E3E /* PhotosDataSourceTests.swift */; };
		990A472B1AF8136900CC4E3E /* CollectionBackgroundView.swift in Sources */ = {isa = PBXBuildFile; fileRef = 990A472A1AF8136900CC4E3E /* CollectionBackgroundView.swift */; };
		9958CB7E1AF7CC8D0050DB8B /* PartyPhotosViewController.swift in Sources */ = {isa = PBXBuildFile; fileRef = 9958CB7D1AF7CC8D0050DB8B /* PartyPhotosViewController.swift */; };
		9960E0C61AF7C45400107687 /* AppDelegateTests.swift in Sources */ = {isa = PBXBuildFile; fileRef = 9960E0C51AF7C45400107687 /* AppDelegateTests.swift */; };
		9983C7FE1AF7BE77003AEEF9 /* AppDelegate.swift in Sources */ = {isa = PBXBuildFile; fileRef = 9983C7FD1AF7BE77003AEEF9 /* AppDelegate.swift */; };
		9983C8071AF7BE77003AEEF9 /* Images.xcassets in Resources */ = {isa = PBXBuildFile; fileRef = 9983C8061AF7BE77003AEEF9 /* Images.xcassets */; };
		9983C80A1AF7BE77003AEEF9 /* LaunchScreen.xib in Resources */ = {isa = PBXBuildFile; fileRef = 9983C8081AF7BE77003AEEF9 /* LaunchScreen.xib */; };
		99B1964D1AF7D00A00F1D803 /* PartyPhotosViewControllerTests.swift in Sources */ = {isa = PBXBuildFile; fileRef = 99B1964C1AF7D00A00F1D803 /* PartyPhotosViewControllerTests.swift */; };
		99B1964F1AF7D5FC00F1D803 /* FlickrSearchAPIErrorResponse.json in Resources */ = {isa = PBXBuildFile; fileRef = 99B1964E1AF7D5FC00F1D803 /* FlickrSearchAPIErrorResponse.json */; };
		99B196511AF7D66400F1D803 /* FlickrSearchAPIResponse.json in Resources */ = {isa = PBXBuildFile; fileRef = 99B196501AF7D66400F1D803 /* FlickrSearchAPIResponse.json */; };
/* End PBXBuildFile section */

/* Begin PBXContainerItemProxy section */
		9983C8101AF7BE77003AEEF9 /* PBXContainerItemProxy */ = {
			isa = PBXContainerItemProxy;
			containerPortal = 9983C7F01AF7BE77003AEEF9 /* Project object */;
			proxyType = 1;
			remoteGlobalIDString = 9983C7F71AF7BE77003AEEF9;
			remoteInfo = FlickrParty;
		};
/* End PBXContainerItemProxy section */

/* Begin PBXFileReference section */
		1726BFD8A5D27E1374040223 /* Pods_FlickrParty.framework */ = {isa = PBXFileReference; explicitFileType = wrapper.framework; includeInIndex = 0; path = Pods_FlickrParty.framework; sourceTree = BUILT_PRODUCTS_DIR; };
		630FB5B95F75FF4C1D6FE4BC /* Pods-FlickrParty.release.xcconfig */ = {isa = PBXFileReference; includeInIndex = 1; lastKnownFileType = text.xcconfig; name = "Pods-FlickrParty.release.xcconfig"; path = "Pods/Target Support Files/Pods-FlickrParty/Pods-FlickrParty.release.xcconfig"; sourceTree = "<group>"; };
		990A47181AF7D8DA00CC4E3E /* BaseCollectionViewController.swift */ = {isa = PBXFileReference; fileEncoding = 4; lastKnownFileType = sourcecode.swift; path = BaseCollectionViewController.swift; sourceTree = "<group>"; };
		990A471A1AF7DB3900CC4E3E /* FlickrAPIClient.swift */ = {isa = PBXFileReference; fileEncoding = 4; lastKnownFileType = sourcecode.swift; path = FlickrAPIClient.swift; sourceTree = "<group>"; };
		990A471C1AF7DBA000CC4E3E /* FlickrAPIClientTests.swift */ = {isa = PBXFileReference; fileEncoding = 4; lastKnownFileType = sourcecode.swift; path = FlickrAPIClientTests.swift; sourceTree = "<group>"; };
		990A471E1AF7DBBE00CC4E3E /* BaseCollectionViewControllerTests.swift */ = {isa = PBXFileReference; fileEncoding = 4; lastKnownFileType = sourcecode.swift; path = BaseCollectionViewControllerTests.swift; sourceTree = "<group>"; };
		990A47201AF7DDF800CC4E3E /* ViewDataSource.swift */ = {isa = PBXFileReference; fileEncoding = 4; lastKnownFileType = sourcecode.swift; path = ViewDataSource.swift; sourceTree = "<group>"; };
		990A47221AF7DF0E00CC4E3E /* ViewDataSourceTests.swift */ = {isa = PBXFileReference; fileEncoding = 4; lastKnownFileType = sourcecode.swift; path = ViewDataSourceTests.swift; sourceTree = "<group>"; };
		990A47241AF7F2D100CC4E3E /* APIClient.swift */ = {isa = PBXFileReference; fileEncoding = 4; lastKnownFileType = sourcecode.swift; path = APIClient.swift; sourceTree = "<group>"; };
		990A47261AF7F8DA00CC4E3E /* PhotosDataSource.swift */ = {isa = PBXFileReference; fileEncoding = 4; lastKnownFileType = sourcecode.swift; path = PhotosDataSource.swift; sourceTree = "<group>"; };
		990A47281AF7F8F800CC4E3E /* PhotosDataSourceTests.swift */ = {isa = PBXFileReference; fileEncoding = 4; lastKnownFileType = sourcecode.swift; path = PhotosDataSourceTests.swift; sourceTree = "<group>"; };
		990A472A1AF8136900CC4E3E /* CollectionBackgroundView.swift */ = {isa = PBXFileReference; fileEncoding = 4; lastKnownFileType = sourcecode.swift; path = CollectionBackgroundView.swift; sourceTree = "<group>"; };
		9958CB7D1AF7CC8D0050DB8B /* PartyPhotosViewController.swift */ = {isa = PBXFileReference; fileEncoding = 4; lastKnownFileType = sourcecode.swift; path = PartyPhotosViewController.swift; sourceTree = "<group>"; };
		9960E0C41AF7C45400107687 /* FlickrPartyTests-Bridging-Header.h */ = {isa = PBXFileReference; lastKnownFileType = sourcecode.c.h; path = "FlickrPartyTests-Bridging-Header.h"; sourceTree = "<group>"; };
		9960E0C51AF7C45400107687 /* AppDelegateTests.swift */ = {isa = PBXFileReference; fileEncoding = 4; lastKnownFileType = sourcecode.swift; path = AppDelegateTests.swift; sourceTree = "<group>"; };
		9983C7F81AF7BE77003AEEF9 /* FlickrParty.app */ = {isa = PBXFileReference; explicitFileType = wrapper.application; includeInIndex = 0; path = FlickrParty.app; sourceTree = BUILT_PRODUCTS_DIR; };
		9983C7FC1AF7BE77003AEEF9 /* Info.plist */ = {isa = PBXFileReference; lastKnownFileType = text.plist.xml; path = Info.plist; sourceTree = "<group>"; };
		9983C7FD1AF7BE77003AEEF9 /* AppDelegate.swift */ = {isa = PBXFileReference; lastKnownFileType = sourcecode.swift; path = AppDelegate.swift; sourceTree = "<group>"; };
		9983C8061AF7BE77003AEEF9 /* Images.xcassets */ = {isa = PBXFileReference; lastKnownFileType = folder.assetcatalog; path = Images.xcassets; sourceTree = "<group>"; };
		9983C8091AF7BE77003AEEF9 /* Base */ = {isa = PBXFileReference; lastKnownFileType = file.xib; name = Base; path = Base.lproj/LaunchScreen.xib; sourceTree = "<group>"; };
		9983C80F1AF7BE77003AEEF9 /* FlickrPartyTests.xctest */ = {isa = PBXFileReference; explicitFileType = wrapper.cfbundle; includeInIndex = 0; path = FlickrPartyTests.xctest; sourceTree = BUILT_PRODUCTS_DIR; };
		9983C8141AF7BE77003AEEF9 /* Info.plist */ = {isa = PBXFileReference; lastKnownFileType = text.plist.xml; path = Info.plist; sourceTree = "<group>"; };
		99B1964C1AF7D00A00F1D803 /* PartyPhotosViewControllerTests.swift */ = {isa = PBXFileReference; fileEncoding = 4; lastKnownFileType = sourcecode.swift; path = PartyPhotosViewControllerTests.swift; sourceTree = "<group>"; };
		99B1964E1AF7D5FC00F1D803 /* FlickrSearchAPIErrorResponse.json */ = {isa = PBXFileReference; fileEncoding = 4; lastKnownFileType = text.json; path = FlickrSearchAPIErrorResponse.json; sourceTree = "<group>"; };
		99B196501AF7D66400F1D803 /* FlickrSearchAPIResponse.json */ = {isa = PBXFileReference; fileEncoding = 4; lastKnownFileType = text.json; path = FlickrSearchAPIResponse.json; sourceTree = "<group>"; };
		D7CE6F5BC500305BB5D498A7 /* Pods-FlickrParty.debug.xcconfig */ = {isa = PBXFileReference; includeInIndex = 1; lastKnownFileType = text.xcconfig; name = "Pods-FlickrParty.debug.xcconfig"; path = "Pods/Target Support Files/Pods-FlickrParty/Pods-FlickrParty.debug.xcconfig"; sourceTree = "<group>"; };
/* End PBXFileReference section */

/* Begin PBXFrameworksBuildPhase section */
		9983C7F51AF7BE77003AEEF9 /* Frameworks */ = {
			isa = PBXFrameworksBuildPhase;
			buildActionMask = 2147483647;
			files = (
				86A90391C14EC059A6A111A8 /* Pods_FlickrParty.framework in Frameworks */,
			);
			runOnlyForDeploymentPostprocessing = 0;
		};
		9983C80C1AF7BE77003AEEF9 /* Frameworks */ = {
			isa = PBXFrameworksBuildPhase;
			buildActionMask = 2147483647;
			files = (
			);
			runOnlyForDeploymentPostprocessing = 0;
		};
/* End PBXFrameworksBuildPhase section */

/* Begin PBXGroup section */
		2E8FAF43300584A2767FC145 /* Pods */ = {
			isa = PBXGroup;
			children = (
				D7CE6F5BC500305BB5D498A7 /* Pods-FlickrParty.debug.xcconfig */,
				630FB5B95F75FF4C1D6FE4BC /* Pods-FlickrParty.release.xcconfig */,
			);
			name = Pods;
			sourceTree = "<group>";
		};
		520B2C5FC8F597DEC71AD379 /* Frameworks */ = {
			isa = PBXGroup;
			children = (
				1726BFD8A5D27E1374040223 /* Pods_FlickrParty.framework */,
			);
			name = Frameworks;
			sourceTree = "<group>";
		};
		9983C7EF1AF7BE77003AEEF9 = {
			isa = PBXGroup;
			children = (
				9983C7FA1AF7BE77003AEEF9 /* FlickrParty */,
				9983C8121AF7BE77003AEEF9 /* FlickrPartyTests */,
				9983C7F91AF7BE77003AEEF9 /* Products */,
				2E8FAF43300584A2767FC145 /* Pods */,
				520B2C5FC8F597DEC71AD379 /* Frameworks */,
			);
			sourceTree = "<group>";
		};
		9983C7F91AF7BE77003AEEF9 /* Products */ = {
			isa = PBXGroup;
			children = (
				9983C7F81AF7BE77003AEEF9 /* FlickrParty.app */,
				9983C80F1AF7BE77003AEEF9 /* FlickrPartyTests.xctest */,
			);
			name = Products;
			sourceTree = "<group>";
		};
		9983C7FA1AF7BE77003AEEF9 /* FlickrParty */ = {
			isa = PBXGroup;
			children = (
				990A47241AF7F2D100CC4E3E /* APIClient.swift */,
				9983C7FD1AF7BE77003AEEF9 /* AppDelegate.swift */,
				990A47181AF7D8DA00CC4E3E /* BaseCollectionViewController.swift */,
				990A472A1AF8136900CC4E3E /* CollectionBackgroundView.swift */,
				990A471A1AF7DB3900CC4E3E /* FlickrAPIClient.swift */,
				9958CB7D1AF7CC8D0050DB8B /* PartyPhotosViewController.swift */,
				990A47261AF7F8DA00CC4E3E /* PhotosDataSource.swift */,
				990A47201AF7DDF800CC4E3E /* ViewDataSource.swift */,
				9983C8061AF7BE77003AEEF9 /* Images.xcassets */,
				9983C8081AF7BE77003AEEF9 /* LaunchScreen.xib */,
				9983C7FB1AF7BE77003AEEF9 /* Supporting Files */,
			);
			path = FlickrParty;
			sourceTree = "<group>";
		};
		9983C7FB1AF7BE77003AEEF9 /* Supporting Files */ = {
			isa = PBXGroup;
			children = (
				9983C7FC1AF7BE77003AEEF9 /* Info.plist */,
			);
			name = "Supporting Files";
			sourceTree = "<group>";
		};
		9983C8121AF7BE77003AEEF9 /* FlickrPartyTests */ = {
			isa = PBXGroup;
			children = (
				9960E0C41AF7C45400107687 /* FlickrPartyTests-Bridging-Header.h */,
				99B1964E1AF7D5FC00F1D803 /* FlickrSearchAPIErrorResponse.json */,
				99B196501AF7D66400F1D803 /* FlickrSearchAPIResponse.json */,
				9960E0C51AF7C45400107687 /* AppDelegateTests.swift */,
				990A471E1AF7DBBE00CC4E3E /* BaseCollectionViewControllerTests.swift */,
				990A471C1AF7DBA000CC4E3E /* FlickrAPIClientTests.swift */,
				99B1964C1AF7D00A00F1D803 /* PartyPhotosViewControllerTests.swift */,
				990A47281AF7F8F800CC4E3E /* PhotosDataSourceTests.swift */,
				990A47221AF7DF0E00CC4E3E /* ViewDataSourceTests.swift */,
				9983C8131AF7BE77003AEEF9 /* Supporting Files */,
			);
			path = FlickrPartyTests;
			sourceTree = "<group>";
		};
		9983C8131AF7BE77003AEEF9 /* Supporting Files */ = {
			isa = PBXGroup;
			children = (
				9983C8141AF7BE77003AEEF9 /* Info.plist */,
			);
			name = "Supporting Files";
			sourceTree = "<group>";
		};
/* End PBXGroup section */

/* Begin PBXNativeTarget section */
		9983C7F71AF7BE77003AEEF9 /* FlickrParty */ = {
			isa = PBXNativeTarget;
			buildConfigurationList = 9983C8191AF7BE77003AEEF9 /* Build configuration list for PBXNativeTarget "FlickrParty" */;
			buildPhases = (
				DBB8730F505AD5F3E3D60BA9 /* Check Pods Manifest.lock */,
				9983C7F41AF7BE77003AEEF9 /* Sources */,
				9983C7F51AF7BE77003AEEF9 /* Frameworks */,
				9983C7F61AF7BE77003AEEF9 /* Resources */,
				4B9BBA940E3A1E88B4FAED3B /* Embed Pods Frameworks */,
				A4711FF8C496701E35CEA40B /* Copy Pods Resources */,
			);
			buildRules = (
			);
			dependencies = (
			);
			name = FlickrParty;
			productName = FlickrParty;
			productReference = 9983C7F81AF7BE77003AEEF9 /* FlickrParty.app */;
			productType = "com.apple.product-type.application";
		};
		9983C80E1AF7BE77003AEEF9 /* FlickrPartyTests */ = {
			isa = PBXNativeTarget;
			buildConfigurationList = 9983C81C1AF7BE77003AEEF9 /* Build configuration list for PBXNativeTarget "FlickrPartyTests" */;
			buildPhases = (
				9983C80B1AF7BE77003AEEF9 /* Sources */,
				9983C80C1AF7BE77003AEEF9 /* Frameworks */,
				9983C80D1AF7BE77003AEEF9 /* Resources */,
			);
			buildRules = (
			);
			dependencies = (
				9983C8111AF7BE77003AEEF9 /* PBXTargetDependency */,
			);
			name = FlickrPartyTests;
			productName = FlickrPartyTests;
			productReference = 9983C80F1AF7BE77003AEEF9 /* FlickrPartyTests.xctest */;
			productType = "com.apple.product-type.bundle.unit-test";
		};
/* End PBXNativeTarget section */

/* Begin PBXProject section */
		9983C7F01AF7BE77003AEEF9 /* Project object */ = {
			isa = PBXProject;
			attributes = {
				LastUpgradeCheck = 0630;
				ORGANIZATIONNAME = "Gianluca Tranchedone";
				TargetAttributes = {
					9983C7F71AF7BE77003AEEF9 = {
						CreatedOnToolsVersion = 6.3.1;
					};
					9983C80E1AF7BE77003AEEF9 = {
						CreatedOnToolsVersion = 6.3.1;
						TestTargetID = 9983C7F71AF7BE77003AEEF9;
					};
				};
			};
			buildConfigurationList = 9983C7F31AF7BE77003AEEF9 /* Build configuration list for PBXProject "FlickrParty" */;
			compatibilityVersion = "Xcode 3.2";
			developmentRegion = English;
			hasScannedForEncodings = 0;
			knownRegions = (
				en,
				Base,
			);
			mainGroup = 9983C7EF1AF7BE77003AEEF9;
			productRefGroup = 9983C7F91AF7BE77003AEEF9 /* Products */;
			projectDirPath = "";
			projectRoot = "";
			targets = (
				9983C7F71AF7BE77003AEEF9 /* FlickrParty */,
				9983C80E1AF7BE77003AEEF9 /* FlickrPartyTests */,
			);
		};
/* End PBXProject section */

/* Begin PBXResourcesBuildPhase section */
		9983C7F61AF7BE77003AEEF9 /* Resources */ = {
			isa = PBXResourcesBuildPhase;
			buildActionMask = 2147483647;
			files = (
				9983C80A1AF7BE77003AEEF9 /* LaunchScreen.xib in Resources */,
				9983C8071AF7BE77003AEEF9 /* Images.xcassets in Resources */,
			);
			runOnlyForDeploymentPostprocessing = 0;
		};
		9983C80D1AF7BE77003AEEF9 /* Resources */ = {
			isa = PBXResourcesBuildPhase;
			buildActionMask = 2147483647;
			files = (
				99B196511AF7D66400F1D803 /* FlickrSearchAPIResponse.json in Resources */,
				99B1964F1AF7D5FC00F1D803 /* FlickrSearchAPIErrorResponse.json in Resources */,
			);
			runOnlyForDeploymentPostprocessing = 0;
		};
/* End PBXResourcesBuildPhase section */

/* Begin PBXShellScriptBuildPhase section */
		4B9BBA940E3A1E88B4FAED3B /* Embed Pods Frameworks */ = {
			isa = PBXShellScriptBuildPhase;
			buildActionMask = 2147483647;
			files = (
			);
			inputPaths = (
			);
			name = "Embed Pods Frameworks";
			outputPaths = (
			);
			runOnlyForDeploymentPostprocessing = 0;
			shellPath = /bin/sh;
			shellScript = "\"${SRCROOT}/Pods/Target Support Files/Pods-FlickrParty/Pods-FlickrParty-frameworks.sh\"\n";
			showEnvVarsInLog = 0;
		};
		A4711FF8C496701E35CEA40B /* Copy Pods Resources */ = {
			isa = PBXShellScriptBuildPhase;
			buildActionMask = 2147483647;
			files = (
			);
			inputPaths = (
			);
			name = "Copy Pods Resources";
			outputPaths = (
			);
			runOnlyForDeploymentPostprocessing = 0;
			shellPath = /bin/sh;
			shellScript = "\"${SRCROOT}/Pods/Target Support Files/Pods-FlickrParty/Pods-FlickrParty-resources.sh\"\n";
			showEnvVarsInLog = 0;
		};
		DBB8730F505AD5F3E3D60BA9 /* Check Pods Manifest.lock */ = {
			isa = PBXShellScriptBuildPhase;
			buildActionMask = 2147483647;
			files = (
			);
			inputPaths = (
			);
			name = "Check Pods Manifest.lock";
			outputPaths = (
			);
			runOnlyForDeploymentPostprocessing = 0;
			shellPath = /bin/sh;
			shellScript = "diff \"${PODS_ROOT}/../Podfile.lock\" \"${PODS_ROOT}/Manifest.lock\" > /dev/null\nif [[ $? != 0 ]] ; then\n    cat << EOM\nerror: The sandbox is not in sync with the Podfile.lock. Run 'pod install' or update your CocoaPods installation.\nEOM\n    exit 1\nfi\n";
			showEnvVarsInLog = 0;
		};
/* End PBXShellScriptBuildPhase section */

/* Begin PBXSourcesBuildPhase section */
		9983C7F41AF7BE77003AEEF9 /* Sources */ = {
			isa = PBXSourcesBuildPhase;
			buildActionMask = 2147483647;
			files = (
				990A472B1AF8136900CC4E3E /* CollectionBackgroundView.swift in Sources */,
				990A471B1AF7DB3900CC4E3E /* FlickrAPIClient.swift in Sources */,
				990A47271AF7F8DA00CC4E3E /* PhotosDataSource.swift in Sources */,
				990A47191AF7D8DA00CC4E3E /* BaseCollectionViewController.swift in Sources */,
				9958CB7E1AF7CC8D0050DB8B /* PartyPhotosViewController.swift in Sources */,
				990A47211AF7DDF800CC4E3E /* ViewDataSource.swift in Sources */,
				9983C7FE1AF7BE77003AEEF9 /* AppDelegate.swift in Sources */,
				990A47251AF7F2D100CC4E3E /* APIClient.swift in Sources */,
			);
			runOnlyForDeploymentPostprocessing = 0;
		};
		9983C80B1AF7BE77003AEEF9 /* Sources */ = {
			isa = PBXSourcesBuildPhase;
			buildActionMask = 2147483647;
			files = (
				990A471D1AF7DBA000CC4E3E /* FlickrAPIClientTests.swift in Sources */,
				99B1964D1AF7D00A00F1D803 /* PartyPhotosViewControllerTests.swift in Sources */,
				990A47231AF7DF0E00CC4E3E /* ViewDataSourceTests.swift in Sources */,
				9960E0C61AF7C45400107687 /* AppDelegateTests.swift in Sources */,
				990A471F1AF7DBBE00CC4E3E /* BaseCollectionViewControllerTests.swift in Sources */,
				990A47291AF7F8F800CC4E3E /* PhotosDataSourceTests.swift in Sources */,
			);
			runOnlyForDeploymentPostprocessing = 0;
		};
/* End PBXSourcesBuildPhase section */

/* Begin PBXTargetDependency section */
		9983C8111AF7BE77003AEEF9 /* PBXTargetDependency */ = {
			isa = PBXTargetDependency;
			target = 9983C7F71AF7BE77003AEEF9 /* FlickrParty */;
			targetProxy = 9983C8101AF7BE77003AEEF9 /* PBXContainerItemProxy */;
		};
/* End PBXTargetDependency section */

/* Begin PBXVariantGroup section */
		9983C8081AF7BE77003AEEF9 /* LaunchScreen.xib */ = {
			isa = PBXVariantGroup;
			children = (
				9983C8091AF7BE77003AEEF9 /* Base */,
			);
			name = LaunchScreen.xib;
			sourceTree = "<group>";
		};
/* End PBXVariantGroup section */

/* Begin XCBuildConfiguration section */
		9983C8171AF7BE77003AEEF9 /* Debug */ = {
			isa = XCBuildConfiguration;
			buildSettings = {
				ALWAYS_SEARCH_USER_PATHS = NO;
				CLANG_CXX_LANGUAGE_STANDARD = "gnu++0x";
				CLANG_CXX_LIBRARY = "libc++";
				CLANG_ENABLE_MODULES = YES;
				CLANG_ENABLE_OBJC_ARC = YES;
				CLANG_WARN_BOOL_CONVERSION = YES;
				CLANG_WARN_CONSTANT_CONVERSION = YES;
				CLANG_WARN_DIRECT_OBJC_ISA_USAGE = YES_ERROR;
				CLANG_WARN_EMPTY_BODY = YES;
				CLANG_WARN_ENUM_CONVERSION = YES;
				CLANG_WARN_INT_CONVERSION = YES;
				CLANG_WARN_OBJC_ROOT_CLASS = YES_ERROR;
				CLANG_WARN_UNREACHABLE_CODE = YES;
				CLANG_WARN__DUPLICATE_METHOD_MATCH = YES;
				"CODE_SIGN_IDENTITY[sdk=iphoneos*]" = "iPhone Developer";
				COPY_PHASE_STRIP = NO;
				DEBUG_INFORMATION_FORMAT = "dwarf-with-dsym";
				ENABLE_STRICT_OBJC_MSGSEND = YES;
				GCC_C_LANGUAGE_STANDARD = gnu99;
				GCC_DYNAMIC_NO_PIC = NO;
				GCC_NO_COMMON_BLOCKS = YES;
				GCC_OPTIMIZATION_LEVEL = 0;
				GCC_PREPROCESSOR_DEFINITIONS = (
					"DEBUG=1",
					"$(inherited)",
				);
				GCC_SYMBOLS_PRIVATE_EXTERN = NO;
				GCC_WARN_64_TO_32_BIT_CONVERSION = YES;
				GCC_WARN_ABOUT_RETURN_TYPE = YES_ERROR;
				GCC_WARN_UNDECLARED_SELECTOR = YES;
				GCC_WARN_UNINITIALIZED_AUTOS = YES_AGGRESSIVE;
				GCC_WARN_UNUSED_FUNCTION = YES;
				GCC_WARN_UNUSED_VARIABLE = YES;
				IPHONEOS_DEPLOYMENT_TARGET = 8.3;
				MTL_ENABLE_DEBUG_INFO = YES;
				ONLY_ACTIVE_ARCH = YES;
				SDKROOT = iphoneos;
				SWIFT_OPTIMIZATION_LEVEL = "-Onone";
			};
			name = Debug;
		};
		9983C8181AF7BE77003AEEF9 /* Release */ = {
			isa = XCBuildConfiguration;
			buildSettings = {
				ALWAYS_SEARCH_USER_PATHS = NO;
				CLANG_CXX_LANGUAGE_STANDARD = "gnu++0x";
				CLANG_CXX_LIBRARY = "libc++";
				CLANG_ENABLE_MODULES = YES;
				CLANG_ENABLE_OBJC_ARC = YES;
				CLANG_WARN_BOOL_CONVERSION = YES;
				CLANG_WARN_CONSTANT_CONVERSION = YES;
				CLANG_WARN_DIRECT_OBJC_ISA_USAGE = YES_ERROR;
				CLANG_WARN_EMPTY_BODY = YES;
				CLANG_WARN_ENUM_CONVERSION = YES;
				CLANG_WARN_INT_CONVERSION = YES;
				CLANG_WARN_OBJC_ROOT_CLASS = YES_ERROR;
				CLANG_WARN_UNREACHABLE_CODE = YES;
				CLANG_WARN__DUPLICATE_METHOD_MATCH = YES;
				"CODE_SIGN_IDENTITY[sdk=iphoneos*]" = "iPhone Developer";
				COPY_PHASE_STRIP = NO;
				DEBUG_INFORMATION_FORMAT = "dwarf-with-dsym";
				ENABLE_NS_ASSERTIONS = NO;
				ENABLE_STRICT_OBJC_MSGSEND = YES;
				GCC_C_LANGUAGE_STANDARD = gnu99;
				GCC_NO_COMMON_BLOCKS = YES;
				GCC_WARN_64_TO_32_BIT_CONVERSION = YES;
				GCC_WARN_ABOUT_RETURN_TYPE = YES_ERROR;
				GCC_WARN_UNDECLARED_SELECTOR = YES;
				GCC_WARN_UNINITIALIZED_AUTOS = YES_AGGRESSIVE;
				GCC_WARN_UNUSED_FUNCTION = YES;
				GCC_WARN_UNUSED_VARIABLE = YES;
				IPHONEOS_DEPLOYMENT_TARGET = 8.3;
				MTL_ENABLE_DEBUG_INFO = NO;
				SDKROOT = iphoneos;
				VALIDATE_PRODUCT = YES;
			};
			name = Release;
		};
		9983C81A1AF7BE77003AEEF9 /* Debug */ = {
			isa = XCBuildConfiguration;
			baseConfigurationReference = D7CE6F5BC500305BB5D498A7 /* Pods-FlickrParty.debug.xcconfig */;
			buildSettings = {
				ASSETCATALOG_COMPILER_APPICON_NAME = AppIcon;
				INFOPLIST_FILE = FlickrParty/Info.plist;
				IPHONEOS_DEPLOYMENT_TARGET = 8.0;
				LD_RUNPATH_SEARCH_PATHS = "$(inherited) @executable_path/Frameworks";
				PRODUCT_NAME = "$(TARGET_NAME)";
			};
			name = Debug;
		};
		9983C81B1AF7BE77003AEEF9 /* Release */ = {
			isa = XCBuildConfiguration;
			baseConfigurationReference = 630FB5B95F75FF4C1D6FE4BC /* Pods-FlickrParty.release.xcconfig */;
			buildSettings = {
				ASSETCATALOG_COMPILER_APPICON_NAME = AppIcon;
				INFOPLIST_FILE = FlickrParty/Info.plist;
				IPHONEOS_DEPLOYMENT_TARGET = 8.0;
				LD_RUNPATH_SEARCH_PATHS = "$(inherited) @executable_path/Frameworks";
				PRODUCT_NAME = "$(TARGET_NAME)";
			};
			name = Release;
		};
		9983C81D1AF7BE77003AEEF9 /* Debug */ = {
			isa = XCBuildConfiguration;
			buildSettings = {
				BUNDLE_LOADER = "$(TEST_HOST)";
				CLANG_ENABLE_MODULES = YES;
				FRAMEWORK_SEARCH_PATHS = (
					"$(SDKROOT)/Developer/Library/Frameworks",
					"$(inherited)",
				);
				GCC_PREPROCESSOR_DEFINITIONS = (
					"DEBUG=1",
					"$(inherited)",
				);
				INFOPLIST_FILE = FlickrPartyTests/Info.plist;
				LD_RUNPATH_SEARCH_PATHS = "$(inherited) @executable_path/Frameworks @loader_path/Frameworks";
				PRODUCT_NAME = "$(TARGET_NAME)";
				SWIFT_OBJC_BRIDGING_HEADER = "FlickrPartyTests/FlickrPartyTests-Bridging-Header.h";
				SWIFT_OPTIMIZATION_LEVEL = "-Onone";
				TEST_HOST = "$(BUILT_PRODUCTS_DIR)/FlickrParty.app/FlickrParty";
			};
			name = Debug;
		};
		9983C81E1AF7BE77003AEEF9 /* Release */ = {
			isa = XCBuildConfiguration;
			buildSettings = {
				BUNDLE_LOADER = "$(TEST_HOST)";
				CLANG_ENABLE_MODULES = YES;
				FRAMEWORK_SEARCH_PATHS = (
					"$(SDKROOT)/Developer/Library/Frameworks",
					"$(inherited)",
				);
				INFOPLIST_FILE = FlickrPartyTests/Info.plist;
				LD_RUNPATH_SEARCH_PATHS = "$(inherited) @executable_path/Frameworks @loader_path/Frameworks";
				PRODUCT_NAME = "$(TARGET_NAME)";
				SWIFT_OBJC_BRIDGING_HEADER = "FlickrPartyTests/FlickrPartyTests-Bridging-Header.h";
				TEST_HOST = "$(BUILT_PRODUCTS_DIR)/FlickrParty.app/FlickrParty";
			};
			name = Release;
		};
/* End XCBuildConfiguration section */

/* Begin XCConfigurationList section */
		9983C7F31AF7BE77003AEEF9 /* Build configuration list for PBXProject "FlickrParty" */ = {
			isa = XCConfigurationList;
			buildConfigurations = (
				9983C8171AF7BE77003AEEF9 /* Debug */,
				9983C8181AF7BE77003AEEF9 /* Release */,
			);
			defaultConfigurationIsVisible = 0;
			defaultConfigurationName = Release;
		};
		9983C8191AF7BE77003AEEF9 /* Build configuration list for PBXNativeTarget "FlickrParty" */ = {
			isa = XCConfigurationList;
			buildConfigurations = (
				9983C81A1AF7BE77003AEEF9 /* Debug */,
				9983C81B1AF7BE77003AEEF9 /* Release */,
			);
			defaultConfigurationIsVisible = 0;
			defaultConfigurationName = Release;
		};
		9983C81C1AF7BE77003AEEF9 /* Build configuration list for PBXNativeTarget "FlickrPartyTests" */ = {
			isa = XCConfigurationList;
			buildConfigurations = (
				9983C81D1AF7BE77003AEEF9 /* Debug */,
				9983C81E1AF7BE77003AEEF9 /* Release */,
			);
			defaultConfigurationIsVisible = 0;
			defaultConfigurationName = Release;
		};
/* End XCConfigurationList section */
	};
	rootObject = 9983C7F01AF7BE77003AEEF9 /* Project object */;
}
